
Microsoft Visual Studio Solution File, Format Version 12.00
# Visual Studio Version 17
VisualStudioVersion = 17.13.35913.81 d17.13
MinimumVisualStudioVersion = 10.0.40219.1
Project("{FAE04EC0-301F-11D3-BF4B-00C04F79EFBC}") = "Filminurk", "Filminurk\Filminurk.csproj", "{BFAA5762-5753-46CA-ABD8-43E0CF40207F}"
EndProject
Global
	GlobalSection(SolutionConfigurationPlatforms) = preSolution
		Debug|Any CPU = Debug|Any CPU
		Release|Any CPU = Release|Any CPU
	EndGlobalSection
	GlobalSection(ProjectConfigurationPlatforms) = postSolution
		{BFAA5762-5753-46CA-ABD8-43E0CF40207F}.Debug|Any CPU.ActiveCfg = Debug|Any CPU
		{BFAA5762-5753-46CA-ABD8-43E0CF40207F}.Debug|Any CPU.Build.0 = Debug|Any CPU
		{BFAA5762-5753-46CA-ABD8-43E0CF40207F}.Release|Any CPU.ActiveCfg = Release|Any CPU
		{BFAA5762-5753-46CA-ABD8-43E0CF40207F}.Release|Any CPU.Build.0 = Release|Any CPU
	EndGlobalSection
	GlobalSection(SolutionProperties) = preSolution
		HideSolutionNode = FALSE
	EndGlobalSection
	GlobalSection(ExtensibilityGlobals) = postSolution
		SolutionGuid = {93418401-8B13-43D9-B931-EFB6B0357A94}
	EndGlobalSection
EndGlobal
